
Microsoft Visual Studio Solution File, Format Version 12.00
# Visual Studio Version 17
VisualStudioVersion = 17.1.32407.343
MinimumVisualStudioVersion = 10.0.40219.1
Project("{FAE04EC0-301F-11D3-BF4B-00C04F79EFBC}") = "Northwind.Portal", "Northwind.Portal\Northwind.Portal.csproj", "{140A608D-3668-49ED-A7D7-60E1061C506D}"
EndProject
Global
	GlobalSection(SolutionConfigurationPlatforms) = preSolution
		Debug|Any CPU = Debug|Any CPU
		Release|Any CPU = Release|Any CPU
	EndGlobalSection
	GlobalSection(ProjectConfigurationPlatforms) = postSolution
		{140A608D-3668-49ED-A7D7-60E1061C506D}.Debug|Any CPU.ActiveCfg = Debug|Any CPU
		{140A608D-3668-49ED-A7D7-60E1061C506D}.Debug|Any CPU.Build.0 = Debug|Any CPU
		{140A608D-3668-49ED-A7D7-60E1061C506D}.Release|Any CPU.ActiveCfg = Release|Any CPU
		{140A608D-3668-49ED-A7D7-60E1061C506D}.Release|Any CPU.Build.0 = Release|Any CPU
	EndGlobalSection
	GlobalSection(SolutionProperties) = preSolution
		HideSolutionNode = FALSE
	EndGlobalSection
	GlobalSection(ExtensibilityGlobals) = postSolution
		SolutionGuid = {E0848BDA-8A0A-491D-9BA9-601DCB586399}
	EndGlobalSection
EndGlobal
